{
  "name": "tudovoa-tools",
  "lockfileVersion": 3,
  "requires": true,
  "packages": {
    "": {
      "name": "tudovoa-tools",
      "devDependencies": {
        "@johnnymorganz/stylua-bin": "^2.5.2",
        "@luau-rs/luau": "^0.739.0"
      }
    },
    "node_modules/@johnnymorganz/stylua-bin": {
      "version": "2.5.2",
      "resolved": "https://registry.npmjs.org/@johnnymorganz/stylua-bin/-/stylua-bin-2.5.2.tgz",
      "integrity": "sha512-9VXOyPCoyajvLOZMiEGigNovEYI7PaAXB065Mc2iiU/vOmAxb+GpbGpCPjLq1jIy8VNU+4Esh50EmLc0SMfziw==",
      "dev": true,
      "license": "MPL-2.0",
      "bin": {
        "stylua": "run.js"
      },
      "engines": {
        "node": ">=10"
      },
      "optionalDependencies": {
        "@johnnymorganz/stylua-bin-darwin-arm64": "2.5.2",
        "@johnnymorganz/stylua-bin-darwin-x64": "2.5.2",
        "@johnnymorganz/stylua-bin-linux-arm64": "2.5.2",
        "@johnnymorganz/stylua-bin-linux-x64": "2.5.2",
        "@johnnymorganz/stylua-bin-win32-x64": "2.5.2"
      }
    },
    "node_modules/@johnnymorganz/stylua-bin-darwin-arm64": {
      "version": "2.5.2",
      "resolved": "https://registry.npmjs.org/@johnnymorganz/stylua-bin-darwin-arm64/-/stylua-bin-darwin-arm64-2.5.2.tgz",
      "integrity": "sha512-aoUX8+aG7x/hXSYMEkpH7YEvQ9AK/V/qY5SUBOqK4g5iBK9hjfOrFqYWRYo14BG+9QEEeKv0SY5iUviMUpyn0g==",
      "cpu": [
        "arm64"
      ],
      "dev": true,
      "license": "MPL-2.0",
      "optional": true,
      "os": [
        "darwin"
      ]
    },
    "node_modules/@johnnymorganz/stylua-bin-darwin-x64": {
      "version": "2.5.2",
      "resolved": "https://registry.npmjs.org/@johnnymorganz/stylua-bin-darwin-x64/-/stylua-bin-darwin-x64-2.5.2.tgz",
      "integrity": "sha512-TP+TweORn5qs2NIn1ejTQ5vVDmCwch43WgCnfqIbdSx/txvlr3bVbWO5NeiEzdI2XO6gDFzFi9X6FIK1UNS7qQ==",
      "cpu": [
        "x64"
      ],
      "dev": true,
      "license": "MPL-2.0",
      "optional": true,
      "os": [
        "darwin"
      ]
    },
    "node_modules/@johnnymorganz/stylua-bin-linux-arm64": {
      "version": "2.5.2",
      "resolved": "https://registry.npmjs.org/@johnnymorganz/stylua-bin-linux-arm64/-/stylua-bin-linux-arm64-2.5.2.tgz",
      "integrity": "sha512-zffjBoMQpzP1AnnhVrg1k/8zNrI9VTKQ/hie/baD3y5mgOHe4/YJ33uo0dZeI+uZAu5gdanmvM5fQtPxnGc6xQ==",
      "cpu": [
        "arm64"
      ],
      "dev": true,
      "license": "MPL-2.0",
      "optional": true,
      "os": [
        "linux"
      ]
    },
    "node_modules/@johnnymorganz/stylua-bin-linux-x64": {
      "version": "2.5.2",
      "resolved": "https://registry.npmjs.org/@johnnymorganz/stylua-bin-linux-x64/-/stylua-bin-linux-x64-2.5.2.tgz",
      "integrity": "sha512-5NfzgN3lnlgmFcPCmhlyHr7y3Ro6wmPNBYzjVFLJKqJtwMPgSgKKzfT93s2rkX/QZKIlZelLtQ7eHVDmULegSg==",
      "cpu": [
        "x64"
      ],
      "dev": true,
      "license": "MPL-2.0",
      "optional": true,
      "os": [
        "linux"
      ]
    },
    "node_modules/@johnnymorganz/stylua-bin-win32-x64": {
      "version": "2.5.2",
      "resolved": "https://registry.npmjs.org/@johnnymorganz/stylua-bin-win32-x64/-/stylua-bin-win32-x64-2.5.2.tgz",
      "integrity": "sha512-wasLSN1Z9O0t6v6km/7cnBqtJe1oUX+Mgojba56hveR67i2F97bETu2GroSeCNuuCdXxUXIbZ+tf9b8CVyF1pA==",
      "cpu": [
        "x64"
      ],
      "dev": true,
      "license": "MPL-2.0",
      "optional": true,
      "os": [
        "win32"
      ]
    },
    "node_modules/@luau-rs/luau": {
      "version": "0.739.0",
      "resolved": "https://registry.npmjs.org/@luau-rs/luau/-/luau-0.739.0.tgz",
      "integrity": "sha512-PWYn0W9IrN3w6i98jqXbw9sVMz11fjJ3GG9tWy2cTIk5wcc3C2TjyITXpYvindVmU/fHUvNqylAS8WJ38bUJjQ==",
      "dev": true,
      "license": "MIT",
      "dependencies": {
        "valibot": "^1.4.2"
      },
      "bin": {
        "luau-bindgen": "dist/definition-cli.js"
      },
      "peerDependencies": {
        "typescript": "^6.0.0"
      },
      "peerDependenciesMeta": {
        "typescript": {
          "optional": true
        }
      }
    },
    "node_modules/valibot": {
      "version": "1.5.0",
      "resolved": "https://registry.npmjs.org/valibot/-/valibot-1.5.0.tgz",
      "integrity": "sha512-nil6AkP2TChWL43Z5uJ6GTxX01CUA+g8LWUM+N/rB9NBbkUMaUsi9PUNzlUPgoKASgmx9f7eGOYpJ04/fSa6FQ==",
      "dev": true,
      "license": "MIT",
      "peerDependencies": {
        "typescript": ">=5"
      },
      "peerDependenciesMeta": {
        "typescript": {
          "optional": true
        }
      }
    }
  }
}
